
Microsoft Visual Studio Solution File, Format Version 12.00
# Visual Studio Version 16
VisualStudioVersion = 16.0.29519.87
MinimumVisualStudioVersion = 10.0.40219.1
Project("{FAE04EC0-301F-11D3-BF4B-00C04F79EFBC}") = "XAML1", "XAML1\XAML1.csproj", "{10573F53-CBED-4675-99DD-67D56D542AFF}"
EndProject
Global
	GlobalSection(SolutionConfigurationPlatforms) = preSolution
		Debug|ARM = Debug|ARM
		Debug|ARM64 = Debug|ARM64
		Debug|x64 = Debug|x64
		Debug|x86 = Debug|x86
		Release|ARM = Release|ARM
		Release|ARM64 = Release|ARM64
		Release|x64 = Release|x64
		Release|x86 = Release|x86
	EndGlobalSection
	GlobalSection(ProjectConfigurationPlatforms) = postSolution
		{10573F53-CBED-4675-99DD-67D56D542AFF}.Debug|ARM.ActiveCfg = Debug|ARM
		{10573F53-CBED-4675-99DD-67D56D542AFF}.Debug|ARM.Build.0 = Debug|ARM
		{10573F53-CBED-4675-99DD-67D56D542AFF}.Debug|ARM.Deploy.0 = Debug|ARM
		{10573F53-CBED-4675-99DD-67D56D542AFF}.Debug|ARM64.ActiveCfg = Debug|ARM64
		{10573F53-CBED-4675-99DD-67D56D542AFF}.Debug|ARM64.Build.0 = Debug|ARM64
		{10573F53-CBED-4675-99DD-67D56D542AFF}.Debug|ARM64.Deploy.0 = Debug|ARM64
		{10573F53-CBED-4675-99DD-67D56D542AFF}.Debug|x64.ActiveCfg = Debug|x64
		{10573F53-CBED-4675-99DD-67D56D542AFF}.Debug|x64.Build.0 = Debug|x64
		{10573F53-CBED-4675-99DD-67D56D542AFF}.Debug|x64.Deploy.0 = Debug|x64
		{10573F53-CBED-4675-99DD-67D56D542AFF}.Debug|x86.ActiveCfg = Debug|x86
		{10573F53-CBED-4675-99DD-67D56D542AFF}.Debug|x86.Build.0 = Debug|x86
		{10573F53-CBED-4675-99DD-67D56D542AFF}.Debug|x86.Deploy.0 = Debug|x86
		{10573F53-CBED-4675-99DD-67D56D542AFF}.Release|ARM.ActiveCfg = Release|ARM
		{10573F53-CBED-4675-99DD-67D56D542AFF}.Release|ARM.Build.0 = Release|ARM
		{10573F53-CBED-4675-99DD-67D56D542AFF}.Release|ARM.Deploy.0 = Release|ARM
		{10573F53-CBED-4675-99DD-67D56D542AFF}.Release|ARM64.ActiveCfg = Release|ARM64
		{10573F53-CBED-4675-99DD-67D56D542AFF}.Release|ARM64.Build.0 = Release|ARM64
		{10573F53-CBED-4675-99DD-67D56D542AFF}.Release|ARM64.Deploy.0 = Release|ARM64
		{10573F53-CBED-4675-99DD-67D56D542AFF}.Release|x64.ActiveCfg = Release|x64
		{10573F53-CBED-4675-99DD-67D56D542AFF}.Release|x64.Build.0 = Release|x64
		{10573F53-CBED-4675-99DD-67D56D542AFF}.Release|x64.Deploy.0 = Release|x64
		{10573F53-CBED-4675-99DD-67D56D542AFF}.Release|x86.ActiveCfg = Release|x86
		{10573F53-CBED-4675-99DD-67D56D542AFF}.Release|x86.Build.0 = Release|x86
		{10573F53-CBED-4675-99DD-67D56D542AFF}.Release|x86.Deploy.0 = Release|x86
	EndGlobalSection
	GlobalSection(SolutionProperties) = preSolution
		HideSolutionNode = FALSE
	EndGlobalSection
	GlobalSection(ExtensibilityGlobals) = postSolution
		SolutionGuid = {BFF626DF-217B-4533-85B3-D2329AEA6F73}
	EndGlobalSection
EndGlobal
